
Microsoft Visual Studio Solution File, Format Version 12.00
# Visual Studio Version 17
VisualStudioVersion = 17.12.35514.174
MinimumVisualStudioVersion = 10.0.40219.1
Project("{FAE04EC0-301F-11D3-BF4B-00C04F79EFBC}") = "PetOperation", "PetOperation\PetOperation.csproj", "{04B1882C-0C8A-4327-81CD-96E75534C48F}"
EndProject
Project("{FAE04EC0-301F-11D3-BF4B-00C04F79EFBC}") = "DanalinOfWater", "DanalinOfWater\DanalinOfWater.csproj", "{C2610700-A154-45B2-8B5A-21A18850DFA6}"
EndProject
Project("{FAE04EC0-301F-11D3-BF4B-00C04F79EFBC}") = "CatWithMillionLives", "CatWithMillionLives\CatWithMillionLives.csproj", "{6641F63D-2FEE-42F5-BA85-A5A6611A1FDE}"
EndProject
Global
	GlobalSection(SolutionConfigurationPlatforms) = preSolution
		Debug|Any CPU = Debug|Any CPU
		Release|Any CPU = Release|Any CPU
	EndGlobalSection
	GlobalSection(ProjectConfigurationPlatforms) = postSolution
		{04B1882C-0C8A-4327-81CD-96E75534C48F}.Debug|Any CPU.ActiveCfg = Debug|Any CPU
		{04B1882C-0C8A-4327-81CD-96E75534C48F}.Debug|Any CPU.Build.0 = Debug|Any CPU
		{04B1882C-0C8A-4327-81CD-96E75534C48F}.Release|Any CPU.ActiveCfg = Release|Any CPU
		{04B1882C-0C8A-4327-81CD-96E75534C48F}.Release|Any CPU.Build.0 = Release|Any CPU
		{C2610700-A154-45B2-8B5A-21A18850DFA6}.Debug|Any CPU.ActiveCfg = Debug|Any CPU
		{C2610700-A154-45B2-8B5A-21A18850DFA6}.Debug|Any CPU.Build.0 = Debug|Any CPU
		{C2610700-A154-45B2-8B5A-21A18850DFA6}.Release|Any CPU.ActiveCfg = Release|Any CPU
		{C2610700-A154-45B2-8B5A-21A18850DFA6}.Release|Any CPU.Build.0 = Release|Any CPU
		{6641F63D-2FEE-42F5-BA85-A5A6611A1FDE}.Debug|Any CPU.ActiveCfg = Debug|Any CPU
		{6641F63D-2FEE-42F5-BA85-A5A6611A1FDE}.Debug|Any CPU.Build.0 = Debug|Any CPU
		{6641F63D-2FEE-42F5-BA85-A5A6611A1FDE}.Release|Any CPU.ActiveCfg = Release|Any CPU
		{6641F63D-2FEE-42F5-BA85-A5A6611A1FDE}.Release|Any CPU.Build.0 = Release|Any CPU
	EndGlobalSection
	GlobalSection(SolutionProperties) = preSolution
		HideSolutionNode = FALSE
	EndGlobalSection
	GlobalSection(ExtensibilityGlobals) = postSolution
		SolutionGuid = {F5BDC4B2-AA38-4A27-ACE7-9A66A8913E30}
	EndGlobalSection
EndGlobal
