
Microsoft Visual Studio Solution File, Format Version 12.00
# Visual Studio Version 17
VisualStudioVersion = 17.5.002.0
MinimumVisualStudioVersion = 10.0.40219.1
Project("{9A19103F-16F7-4668-BE54-9A1E7A4F7556}") = "DanalinOfWater", "DanalinOfWater.csproj", "{2BDADC6E-7E92-48C6-9415-C2CA01806F11}"
EndProject
Global
	GlobalSection(SolutionConfigurationPlatforms) = preSolution
		Debug|Any CPU = Debug|Any CPU
		Release|Any CPU = Release|Any CPU
	EndGlobalSection
	GlobalSection(ProjectConfigurationPlatforms) = postSolution
		{2BDADC6E-7E92-48C6-9415-C2CA01806F11}.Debug|Any CPU.ActiveCfg = Debug|Any CPU
		{2BDADC6E-7E92-48C6-9415-C2CA01806F11}.Debug|Any CPU.Build.0 = Debug|Any CPU
		{2BDADC6E-7E92-48C6-9415-C2CA01806F11}.Release|Any CPU.ActiveCfg = Release|Any CPU
		{2BDADC6E-7E92-48C6-9415-C2CA01806F11}.Release|Any CPU.Build.0 = Release|Any CPU
	EndGlobalSection
	GlobalSection(SolutionProperties) = preSolution
		HideSolutionNode = FALSE
	EndGlobalSection
	GlobalSection(ExtensibilityGlobals) = postSolution
		SolutionGuid = {3C119F06-C12E-46DC-8BF8-FA907580191A}
	EndGlobalSection
EndGlobal
